<?xml version="1.0" encoding="utf-8"?>
<Project ToolsVersion="4.0" xmlns="http://schemas.microsoft.com/developer/msbuild/2003">
  <ItemGroup>
    <Filter Include="Source Files">
      <UniqueIdentifier>{4FC737F1-C7A5-4376-A066-2A32D752A2FF}</UniqueIdentifier>
      <Extensions>cpp;c;cc;cxx;c++;cppm;ixx;def;odl;idl;hpj;bat;asm;asmx</Extensions>
    </Filter>
    <Filter Include="shaders">
      <UniqueIdentifier>{3386dfb9-5a2f-49c5-be06-ccd932e305e4}</UniqueIdentifier>
    </Filter>
    <Filter Include="Source Files\utils">
      <UniqueIdentifier>{1710d3f8-0eb1-4885-80a6-fcb7912b8cca}</UniqueIdentifier>
    </Filter>
    <Filter Include="Source Files\renderer">
      <UniqueIdentifier>{a2a2c526-fa44-438f-b418-12033a579832}</UniqueIdentifier>
    </Filter>
    <Filter Include="Source Files\vulkan wrapper">
      <UniqueIdentifier>{cc3abbb3-366c-4085-8eba-9aa5f7eb19d4}</UniqueIdentifier>
    </Filter>
  </ItemGroup>
  <ItemGroup>
    <ClCompile Include="main.cpp">
      <Filter>Source Files</Filter>
    </ClCompile>
    <ClCompile Include="pch.cpp">
      <Filter>Source Files</Filter>
    </ClCompile>
    <ClCompile Include="app.cpp">
      <Filter>Source Files</Filter>
    </ClCompile>
    <ClCompile Include="extension.cpp">
      <Filter>Source Files\utils</Filter>
    </ClCompile>
    <ClCompile Include="model.cpp">
      <Filter>Source Files\renderer</Filter>
    </ClCompile>
    <ClCompile Include="renderer.cpp">
      <Filter>Source Files\renderer</Filter>
    </ClCompile>
    <ClCompile Include="scene.cpp">
      <Filter>Source Files\renderer</Filter>
    </ClCompile>
    <ClCompile Include="transform.cpp">
      <Filter>Source Files</Filter>
    </ClCompile>
    <ClCompile Include="vk_window.cpp">
      <Filter>Source Files\vulkan wrapper</Filter>
    </ClCompile>
    <ClCompile Include="vk_command_buffer.cpp">
      <Filter>Source Files\vulkan wrapper</Filter>
    </ClCompile>
    <ClCompile Include="vk_command_pool.cpp">
      <Filter>Source Files\vulkan wrapper</Filter>
    </ClCompile>
    <ClCompile Include="vk_descriptor_pool.cpp">
      <Filter>Source Files\vulkan wrapper</Filter>
    </ClCompile>
    <ClCompile Include="vk_device.cpp">
      <Filter>Source Files\vulkan wrapper</Filter>
    </ClCompile>
    <ClCompile Include="vk_instance.cpp">
      <Filter>Source Files\vulkan wrapper</Filter>
    </ClCompile>
    <ClCompile Include="vk_pipeline.cpp">
      <Filter>Source Files\vulkan wrapper</Filter>
    </ClCompile>
    <ClCompile Include="vk_surface.cpp">
      <Filter>Source Files\vulkan wrapper</Filter>
    </ClCompile>
    <ClCompile Include="vk_swap_chain.cpp">
      <Filter>Source Files\vulkan wrapper</Filter>
    </ClCompile>
    <ClCompile Include="vk_buffer.cpp">
      <Filter>Source Files\vulkan wrapper</Filter>
    </ClCompile>
    <ClCompile Include="vk_image.cpp">
      <Filter>Source Files\vulkan wrapper</Filter>
    </ClCompile>
    <ClCompile Include="vk_resource.cpp">
      <Filter>Source Files\vulkan wrapper</Filter>
    </ClCompile>
  </ItemGroup>
  <ItemGroup>
    <None Include=".clang-format" />
    <None Include="shaders\simple.frag">
      <Filter>shaders</Filter>
    </None>
    <None Include="shaders\simple.vert">
      <Filter>shaders</Filter>
    </None>
    <None Include=".gitignore" />
    <None Include="compile.bat">
      <Filter>Source Files</Filter>
    </None>
    <None Include="vcpkg.json" />
  </ItemGroup>
  <ItemGroup>
    <ClInclude Include="app.h">
      <Filter>Source Files</Filter>
    </ClInclude>
    <ClInclude Include="pch.h">
      <Filter>Source Files</Filter>
    </ClInclude>
    <ClInclude Include="extension.h">
      <Filter>Source Files\utils</Filter>
    </ClInclude>
    <ClInclude Include="geometry_helper.h">
      <Filter>Source Files\utils</Filter>
    </ClInclude>
    <ClInclude Include="shader.h">
      <Filter>Source Files\utils</Filter>
    </ClInclude>
    <ClInclude Include="camera.h">
      <Filter>Source Files\renderer</Filter>
    </ClInclude>
    <ClInclude Include="model.h">
      <Filter>Source Files\renderer</Filter>
    </ClInclude>
    <ClInclude Include="renderer.h">
      <Filter>Source Files\renderer</Filter>
    </ClInclude>
    <ClInclude Include="scene.h">
      <Filter>Source Files\renderer</Filter>
    </ClInclude>
    <ClInclude Include="transform.h">
      <Filter>Source Files</Filter>
    </ClInclude>
    <ClInclude Include="query.h">
      <Filter>Source Files\utils</Filter>
    </ClInclude>
    <ClInclude Include="vk_swap_chain.h">
      <Filter>Source Files\vulkan wrapper</Filter>
    </ClInclude>
    <ClInclude Include="vk_window.h">
      <Filter>Source Files\vulkan wrapper</Filter>
    </ClInclude>
    <ClInclude Include="vk_command_buffer.h">
      <Filter>Source Files\vulkan wrapper</Filter>
    </ClInclude>
    <ClInclude Include="vk_command_pool.h">
      <Filter>Source Files\vulkan wrapper</Filter>
    </ClInclude>
    <ClInclude Include="vk_descriptor_pool.h">
      <Filter>Source Files\vulkan wrapper</Filter>
    </ClInclude>
    <ClInclude Include="vk_device.h">
      <Filter>Source Files\vulkan wrapper</Filter>
    </ClInclude>
    <ClInclude Include="vk_instance.h">
      <Filter>Source Files\vulkan wrapper</Filter>
    </ClInclude>
    <ClInclude Include="vk_pipeline.h">
      <Filter>Source Files\vulkan wrapper</Filter>
    </ClInclude>
    <ClInclude Include="vk_surface.h">
      <Filter>Source Files\vulkan wrapper</Filter>
    </ClInclude>
    <ClInclude Include="vk_buffer.h">
      <Filter>Source Files\vulkan wrapper</Filter>
    </ClInclude>
    <ClInclude Include="vk_image.h">
      <Filter>Source Files\vulkan wrapper</Filter>
    </ClInclude>
    <ClInclude Include="vk_resource.h">
      <Filter>Source Files\vulkan wrapper</Filter>
    </ClInclude>
  </ItemGroup>
</Project>